{
    "_meta": {
        "hash": {
            "sha256": "57f00dd6801faca16c0cf6b88b120b8385056d23d72cea04a53eb0f0a1907a7d"
        },
        "pipfile-spec": 6,
        "requires": {
            "python_version": "3.9"
        },
        "sources": [
            {
                "name": "pypi",
                "url": "https://pypi.org/simple",
                "verify_ssl": true
            }
        ]
    },
    "default": {
        "antlr4-python3-runtime": {
            "hashes": [
                "sha256:0a8b82f55032734f43ed6b60b8a48c25754721a75cd714eb1fe9ce6ed418b361",
                "sha256:2c08f4dfbdc7dfd10f680681a96a55579c1e4f866f01d27099c9a54027923d70"
            ],
            "index": "pypi",
            "version": "==4.12.0"
        }
    },
    "develop": {}
}
